
Microsoft Visual Studio Solution File, Format Version 12.00
# Visual Studio Version 16
VisualStudioVersion = 16.0.29306.81
MinimumVisualStudioVersion = 15.0.26124.0
Project("{2150E333-8FDC-42A3-9474-1A3956D46DE8}") = "src", "src", "{1F25E712-9FA5-4F2D-B255-BC961FE32C14}"
EndProject
Project("{9A19103F-16F7-4668-BE54-9A1E7A4F7556}") = "Cake.Tasks.Core", "src\Cake.Tasks.Core\Cake.Tasks.Core.csproj", "{CFDA9E45-E030-4D26-A63D-A9AFFB885982}"
EndProject
Project("{9A19103F-16F7-4668-BE54-9A1E7A4F7556}") = "Cake.Tasks.Module", "src\Cake.Tasks.Module\Cake.Tasks.Module.csproj", "{7BDD73FE-0596-4B86-B1CD-80C5689DF5CF}"
EndProject
Project("{2150E333-8FDC-42A3-9474-1A3956D46DE8}") = "plugin", "plugin", "{A0EED931-CF00-49AB-9DE7-EB1D9113CE07}"
EndProject
Project("{9A19103F-16F7-4668-BE54-9A1E7A4F7556}") = "Cake.Tasks.GitVersion", "plugin\Cake.Tasks.GitVersion\Cake.Tasks.GitVersion.csproj", "{2E841359-6D8F-4B64-B8C7-3B85868E6C94}"
EndProject
Project("{9A19103F-16F7-4668-BE54-9A1E7A4F7556}") = "Cake.Tasks.DotNetCore", "plugin\Cake.Tasks.DotNetCore\Cake.Tasks.DotNetCore.csproj", "{438FB143-A0D6-4D4A-82F1-929984AFD2B2}"
EndProject
Project("{9A19103F-16F7-4668-BE54-9A1E7A4F7556}") = "Cake.Tasks.Ci.Tfs", "plugin\Cake.Tasks.Ci.Tfs\Cake.Tasks.Ci.Tfs.csproj", "{E5A6C6C8-82CC-4CD9-A01B-0B89F7D2B469}"
EndProject
Project("{9A19103F-16F7-4668-BE54-9A1E7A4F7556}") = "Cake.Tasks.Ci.AppVeyor", "plugin\Cake.Tasks.Ci.AppVeyor\Cake.Tasks.Ci.AppVeyor.csproj", "{E65AACAB-FCCA-42E0-A1B3-1B032AEBE9BB}"
EndProject
Project("{9A19103F-16F7-4668-BE54-9A1E7A4F7556}") = "Cake.Tasks.JeevanJames", "plugin\Cake.Tasks.JeevanJames\Cake.Tasks.JeevanJames.csproj", "{5141E4E5-2AA1-4334-B7AA-B74F5546E017}"
EndProject
Project("{FAE04EC0-301F-11D3-BF4B-00C04F79EFBC}") = "Cake.Tasks.Git", "plugin\Cake.Tasks.Git\Cake.Tasks.Git.csproj", "{75200965-153F-4236-90CF-495ADDAD9FC5}"
EndProject
Global
	GlobalSection(SolutionConfigurationPlatforms) = preSolution
		Debug|Any CPU = Debug|Any CPU
		Debug|x64 = Debug|x64
		Debug|x86 = Debug|x86
		Release|Any CPU = Release|Any CPU
		Release|x64 = Release|x64
		Release|x86 = Release|x86
	EndGlobalSection
	GlobalSection(ProjectConfigurationPlatforms) = postSolution
		{CFDA9E45-E030-4D26-A63D-A9AFFB885982}.Debug|Any CPU.ActiveCfg = Debug|Any CPU
		{CFDA9E45-E030-4D26-A63D-A9AFFB885982}.Debug|Any CPU.Build.0 = Debug|Any CPU
		{CFDA9E45-E030-4D26-A63D-A9AFFB885982}.Debug|x64.ActiveCfg = Debug|Any CPU
		{CFDA9E45-E030-4D26-A63D-A9AFFB885982}.Debug|x64.Build.0 = Debug|Any CPU
		{CFDA9E45-E030-4D26-A63D-A9AFFB885982}.Debug|x86.ActiveCfg = Debug|Any CPU
		{CFDA9E45-E030-4D26-A63D-A9AFFB885982}.Debug|x86.Build.0 = Debug|Any CPU
		{CFDA9E45-E030-4D26-A63D-A9AFFB885982}.Release|Any CPU.ActiveCfg = Release|Any CPU
		{CFDA9E45-E030-4D26-A63D-A9AFFB885982}.Release|Any CPU.Build.0 = Release|Any CPU
		{CFDA9E45-E030-4D26-A63D-A9AFFB885982}.Release|x64.ActiveCfg = Release|Any CPU
		{CFDA9E45-E030-4D26-A63D-A9AFFB885982}.Release|x64.Build.0 = Release|Any CPU
		{CFDA9E45-E030-4D26-A63D-A9AFFB885982}.Release|x86.ActiveCfg = Release|Any CPU
		{CFDA9E45-E030-4D26-A63D-A9AFFB885982}.Release|x86.Build.0 = Release|Any CPU
		{7BDD73FE-0596-4B86-B1CD-80C5689DF5CF}.Debug|Any CPU.ActiveCfg = Debug|Any CPU
		{7BDD73FE-0596-4B86-B1CD-80C5689DF5CF}.Debug|Any CPU.Build.0 = Debug|Any CPU
		{7BDD73FE-0596-4B86-B1CD-80C5689DF5CF}.Debug|x64.ActiveCfg = Debug|Any CPU
		{7BDD73FE-0596-4B86-B1CD-80C5689DF5CF}.Debug|x64.Build.0 = Debug|Any CPU
		{7BDD73FE-0596-4B86-B1CD-80C5689DF5CF}.Debug|x86.ActiveCfg = Debug|Any CPU
		{7BDD73FE-0596-4B86-B1CD-80C5689DF5CF}.Debug|x86.Build.0 = Debug|Any CPU
		{7BDD73FE-0596-4B86-B1CD-80C5689DF5CF}.Release|Any CPU.ActiveCfg = Release|Any CPU
		{7BDD73FE-0596-4B86-B1CD-80C5689DF5CF}.Release|Any CPU.Build.0 = Release|Any CPU
		{7BDD73FE-0596-4B86-B1CD-80C5689DF5CF}.Release|x64.ActiveCfg = Release|Any CPU
		{7BDD73FE-0596-4B86-B1CD-80C5689DF5CF}.Release|x64.Build.0 = Release|Any CPU
		{7BDD73FE-0596-4B86-B1CD-80C5689DF5CF}.Release|x86.ActiveCfg = Release|Any CPU
		{7BDD73FE-0596-4B86-B1CD-80C5689DF5CF}.Release|x86.Build.0 = Release|Any CPU
		{2E841359-6D8F-4B64-B8C7-3B85868E6C94}.Debug|Any CPU.ActiveCfg = Debug|Any CPU
		{2E841359-6D8F-4B64-B8C7-3B85868E6C94}.Debug|Any CPU.Build.0 = Debug|Any CPU
		{2E841359-6D8F-4B64-B8C7-3B85868E6C94}.Debug|x64.ActiveCfg = Debug|Any CPU
		{2E841359-6D8F-4B64-B8C7-3B85868E6C94}.Debug|x64.Build.0 = Debug|Any CPU
		{2E841359-6D8F-4B64-B8C7-3B85868E6C94}.Debug|x86.ActiveCfg = Debug|Any CPU
		{2E841359-6D8F-4B64-B8C7-3B85868E6C94}.Debug|x86.Build.0 = Debug|Any CPU
		{2E841359-6D8F-4B64-B8C7-3B85868E6C94}.Release|Any CPU.ActiveCfg = Release|Any CPU
		{2E841359-6D8F-4B64-B8C7-3B85868E6C94}.Release|Any CPU.Build.0 = Release|Any CPU
		{2E841359-6D8F-4B64-B8C7-3B85868E6C94}.Release|x64.ActiveCfg = Release|Any CPU
		{2E841359-6D8F-4B64-B8C7-3B85868E6C94}.Release|x64.Build.0 = Release|Any CPU
		{2E841359-6D8F-4B64-B8C7-3B85868E6C94}.Release|x86.ActiveCfg = Release|Any CPU
		{2E841359-6D8F-4B64-B8C7-3B85868E6C94}.Release|x86.Build.0 = Release|Any CPU
		{438FB143-A0D6-4D4A-82F1-929984AFD2B2}.Debug|Any CPU.ActiveCfg = Debug|Any CPU
		{438FB143-A0D6-4D4A-82F1-929984AFD2B2}.Debug|Any CPU.Build.0 = Debug|Any CPU
		{438FB143-A0D6-4D4A-82F1-929984AFD2B2}.Debug|x64.ActiveCfg = Debug|Any CPU
		{438FB143-A0D6-4D4A-82F1-929984AFD2B2}.Debug|x64.Build.0 = Debug|Any CPU
		{438FB143-A0D6-4D4A-82F1-929984AFD2B2}.Debug|x86.ActiveCfg = Debug|Any CPU
		{438FB143-A0D6-4D4A-82F1-929984AFD2B2}.Debug|x86.Build.0 = Debug|Any CPU
		{438FB143-A0D6-4D4A-82F1-929984AFD2B2}.Release|Any CPU.ActiveCfg = Release|Any CPU
		{438FB143-A0D6-4D4A-82F1-929984AFD2B2}.Release|Any CPU.Build.0 = Release|Any CPU
		{438FB143-A0D6-4D4A-82F1-929984AFD2B2}.Release|x64.ActiveCfg = Release|Any CPU
		{438FB143-A0D6-4D4A-82F1-929984AFD2B2}.Release|x64.Build.0 = Release|Any CPU
		{438FB143-A0D6-4D4A-82F1-929984AFD2B2}.Release|x86.ActiveCfg = Release|Any CPU
		{438FB143-A0D6-4D4A-82F1-929984AFD2B2}.Release|x86.Build.0 = Release|Any CPU
		{E5A6C6C8-82CC-4CD9-A01B-0B89F7D2B469}.Debug|Any CPU.ActiveCfg = Debug|Any CPU
		{E5A6C6C8-82CC-4CD9-A01B-0B89F7D2B469}.Debug|Any CPU.Build.0 = Debug|Any CPU
		{E5A6C6C8-82CC-4CD9-A01B-0B89F7D2B469}.Debug|x64.ActiveCfg = Debug|Any CPU
		{E5A6C6C8-82CC-4CD9-A01B-0B89F7D2B469}.Debug|x64.Build.0 = Debug|Any CPU
		{E5A6C6C8-82CC-4CD9-A01B-0B89F7D2B469}.Debug|x86.ActiveCfg = Debug|Any CPU
		{E5A6C6C8-82CC-4CD9-A01B-0B89F7D2B469}.Debug|x86.Build.0 = Debug|Any CPU
		{E5A6C6C8-82CC-4CD9-A01B-0B89F7D2B469}.Release|Any CPU.ActiveCfg = Release|Any CPU
		{E5A6C6C8-82CC-4CD9-A01B-0B89F7D2B469}.Release|Any CPU.Build.0 = Release|Any CPU
		{E5A6C6C8-82CC-4CD9-A01B-0B89F7D2B469}.Release|x64.ActiveCfg = Release|Any CPU
		{E5A6C6C8-82CC-4CD9-A01B-0B89F7D2B469}.Release|x64.Build.0 = Release|Any CPU
		{E5A6C6C8-82CC-4CD9-A01B-0B89F7D2B469}.Release|x86.ActiveCfg = Release|Any CPU
		{E5A6C6C8-82CC-4CD9-A01B-0B89F7D2B469}.Release|x86.Build.0 = Release|Any CPU
		{E65AACAB-FCCA-42E0-A1B3-1B032AEBE9BB}.Debug|Any CPU.ActiveCfg = Debug|Any CPU
		{E65AACAB-FCCA-42E0-A1B3-1B032AEBE9BB}.Debug|Any CPU.Build.0 = Debug|Any CPU
		{E65AACAB-FCCA-42E0-A1B3-1B032AEBE9BB}.Debug|x64.ActiveCfg = Debug|Any CPU
		{E65AACAB-FCCA-42E0-A1B3-1B032AEBE9BB}.Debug|x64.Build.0 = Debug|Any CPU
		{E65AACAB-FCCA-42E0-A1B3-1B032AEBE9BB}.Debug|x86.ActiveCfg = Debug|Any CPU
		{E65AACAB-FCCA-42E0-A1B3-1B032AEBE9BB}.Debug|x86.Build.0 = Debug|Any CPU
		{E65AACAB-FCCA-42E0-A1B3-1B032AEBE9BB}.Release|Any CPU.ActiveCfg = Release|Any CPU
		{E65AACAB-FCCA-42E0-A1B3-1B032AEBE9BB}.Release|Any CPU.Build.0 = Release|Any CPU
		{E65AACAB-FCCA-42E0-A1B3-1B032AEBE9BB}.Release|x64.ActiveCfg = Release|Any CPU
		{E65AACAB-FCCA-42E0-A1B3-1B032AEBE9BB}.Release|x64.Build.0 = Release|Any CPU
		{E65AACAB-FCCA-42E0-A1B3-1B032AEBE9BB}.Release|x86.ActiveCfg = Release|Any CPU
		{E65AACAB-FCCA-42E0-A1B3-1B032AEBE9BB}.Release|x86.Build.0 = Release|Any CPU
		{5141E4E5-2AA1-4334-B7AA-B74F5546E017}.Debug|Any CPU.ActiveCfg = Debug|Any CPU
		{5141E4E5-2AA1-4334-B7AA-B74F5546E017}.Debug|Any CPU.Build.0 = Debug|Any CPU
		{5141E4E5-2AA1-4334-B7AA-B74F5546E017}.Debug|x64.ActiveCfg = Debug|Any CPU
		{5141E4E5-2AA1-4334-B7AA-B74F5546E017}.Debug|x64.Build.0 = Debug|Any CPU
		{5141E4E5-2AA1-4334-B7AA-B74F5546E017}.Debug|x86.ActiveCfg = Debug|Any CPU
		{5141E4E5-2AA1-4334-B7AA-B74F5546E017}.Debug|x86.Build.0 = Debug|Any CPU
		{5141E4E5-2AA1-4334-B7AA-B74F5546E017}.Release|Any CPU.ActiveCfg = Release|Any CPU
		{5141E4E5-2AA1-4334-B7AA-B74F5546E017}.Release|Any CPU.Build.0 = Release|Any CPU
		{5141E4E5-2AA1-4334-B7AA-B74F5546E017}.Release|x64.ActiveCfg = Release|Any CPU
		{5141E4E5-2AA1-4334-B7AA-B74F5546E017}.Release|x64.Build.0 = Release|Any CPU
		{5141E4E5-2AA1-4334-B7AA-B74F5546E017}.Release|x86.ActiveCfg = Release|Any CPU
		{5141E4E5-2AA1-4334-B7AA-B74F5546E017}.Release|x86.Build.0 = Release|Any CPU
		{75200965-153F-4236-90CF-495ADDAD9FC5}.Debug|Any CPU.ActiveCfg = Debug|Any CPU
		{75200965-153F-4236-90CF-495ADDAD9FC5}.Debug|Any CPU.Build.0 = Debug|Any CPU
		{75200965-153F-4236-90CF-495ADDAD9FC5}.Debug|x64.ActiveCfg = Debug|Any CPU
		{75200965-153F-4236-90CF-495ADDAD9FC5}.Debug|x64.Build.0 = Debug|Any CPU
		{75200965-153F-4236-90CF-495ADDAD9FC5}.Debug|x86.ActiveCfg = Debug|Any CPU
		{75200965-153F-4236-90CF-495ADDAD9FC5}.Debug|x86.Build.0 = Debug|Any CPU
		{75200965-153F-4236-90CF-495ADDAD9FC5}.Release|Any CPU.ActiveCfg = Release|Any CPU
		{75200965-153F-4236-90CF-495ADDAD9FC5}.Release|Any CPU.Build.0 = Release|Any CPU
		{75200965-153F-4236-90CF-495ADDAD9FC5}.Release|x64.ActiveCfg = Release|Any CPU
		{75200965-153F-4236-90CF-495ADDAD9FC5}.Release|x64.Build.0 = Release|Any CPU
		{75200965-153F-4236-90CF-495ADDAD9FC5}.Release|x86.ActiveCfg = Release|Any CPU
		{75200965-153F-4236-90CF-495ADDAD9FC5}.Release|x86.Build.0 = Release|Any CPU
	EndGlobalSection
	GlobalSection(SolutionProperties) = preSolution
		HideSolutionNode = FALSE
	EndGlobalSection
	GlobalSection(NestedProjects) = preSolution
		{CFDA9E45-E030-4D26-A63D-A9AFFB885982} = {1F25E712-9FA5-4F2D-B255-BC961FE32C14}
		{7BDD73FE-0596-4B86-B1CD-80C5689DF5CF} = {1F25E712-9FA5-4F2D-B255-BC961FE32C14}
		{2E841359-6D8F-4B64-B8C7-3B85868E6C94} = {A0EED931-CF00-49AB-9DE7-EB1D9113CE07}
		{438FB143-A0D6-4D4A-82F1-929984AFD2B2} = {A0EED931-CF00-49AB-9DE7-EB1D9113CE07}
		{E5A6C6C8-82CC-4CD9-A01B-0B89F7D2B469} = {A0EED931-CF00-49AB-9DE7-EB1D9113CE07}
		{E65AACAB-FCCA-42E0-A1B3-1B032AEBE9BB} = {A0EED931-CF00-49AB-9DE7-EB1D9113CE07}
		{5141E4E5-2AA1-4334-B7AA-B74F5546E017} = {A0EED931-CF00-49AB-9DE7-EB1D9113CE07}
		{75200965-153F-4236-90CF-495ADDAD9FC5} = {A0EED931-CF00-49AB-9DE7-EB1D9113CE07}
	EndGlobalSection
	GlobalSection(ExtensibilityGlobals) = postSolution
		SolutionGuid = {73A98824-1C6F-4682-918A-19493E5480CD}
	EndGlobalSection
EndGlobal
