
Microsoft Visual Studio Solution File, Format Version 12.00
# Visual Studio Version 16
VisualStudioVersion = 16.0.29306.81
MinimumVisualStudioVersion = 15.0.26124.0
Project("{2150E333-8FDC-42A3-9474-1A3956D46DE8}") = "src", "src", "{1F25E712-9FA5-4F2D-B255-BC961FE32C14}"
EndProject
Project("{9A19103F-16F7-4668-BE54-9A1E7A4F7556}") = "Cake.Tasks", "src\Cake.Tasks\Cake.Tasks.csproj", "{CB96B0C5-1A32-4106-956B-CDE7F43CD7A2}"
EndProject
Project("{9A19103F-16F7-4668-BE54-9A1E7A4F7556}") = "Cake.Tasks.Core", "src\Cake.Tasks.Core\Cake.Tasks.Core.csproj", "{CFDA9E45-E030-4D26-A63D-A9AFFB885982}"
EndProject
Project("{9A19103F-16F7-4668-BE54-9A1E7A4F7556}") = "Cake.Tasks.DotNetCore", "src\Cake.Tasks.DotNetCore\Cake.Tasks.DotNetCore.csproj", "{39E937AE-44A6-492B-A3DA-F2876CBE2A68}"
EndProject
Project("{FAE04EC0-301F-11D3-BF4B-00C04F79EFBC}") = "Cake.Tasks.Env.Tfs", "src\Cake.Tasks.Env.Tfs\Cake.Tasks.Env.Tfs.csproj", "{D06EC759-C982-46CB-8DD1-C5614F4C04F9}"
EndProject
Global
	GlobalSection(SolutionConfigurationPlatforms) = preSolution
		Debug|Any CPU = Debug|Any CPU
		Debug|x64 = Debug|x64
		Debug|x86 = Debug|x86
		Release|Any CPU = Release|Any CPU
		Release|x64 = Release|x64
		Release|x86 = Release|x86
	EndGlobalSection
	GlobalSection(ProjectConfigurationPlatforms) = postSolution
		{CB96B0C5-1A32-4106-956B-CDE7F43CD7A2}.Debug|Any CPU.ActiveCfg = Debug|Any CPU
		{CB96B0C5-1A32-4106-956B-CDE7F43CD7A2}.Debug|Any CPU.Build.0 = Debug|Any CPU
		{CB96B0C5-1A32-4106-956B-CDE7F43CD7A2}.Debug|x64.ActiveCfg = Debug|Any CPU
		{CB96B0C5-1A32-4106-956B-CDE7F43CD7A2}.Debug|x64.Build.0 = Debug|Any CPU
		{CB96B0C5-1A32-4106-956B-CDE7F43CD7A2}.Debug|x86.ActiveCfg = Debug|Any CPU
		{CB96B0C5-1A32-4106-956B-CDE7F43CD7A2}.Debug|x86.Build.0 = Debug|Any CPU
		{CB96B0C5-1A32-4106-956B-CDE7F43CD7A2}.Release|Any CPU.ActiveCfg = Release|Any CPU
		{CB96B0C5-1A32-4106-956B-CDE7F43CD7A2}.Release|Any CPU.Build.0 = Release|Any CPU
		{CB96B0C5-1A32-4106-956B-CDE7F43CD7A2}.Release|x64.ActiveCfg = Release|Any CPU
		{CB96B0C5-1A32-4106-956B-CDE7F43CD7A2}.Release|x64.Build.0 = Release|Any CPU
		{CB96B0C5-1A32-4106-956B-CDE7F43CD7A2}.Release|x86.ActiveCfg = Release|Any CPU
		{CB96B0C5-1A32-4106-956B-CDE7F43CD7A2}.Release|x86.Build.0 = Release|Any CPU
		{CFDA9E45-E030-4D26-A63D-A9AFFB885982}.Debug|Any CPU.ActiveCfg = Debug|Any CPU
		{CFDA9E45-E030-4D26-A63D-A9AFFB885982}.Debug|Any CPU.Build.0 = Debug|Any CPU
		{CFDA9E45-E030-4D26-A63D-A9AFFB885982}.Debug|x64.ActiveCfg = Debug|Any CPU
		{CFDA9E45-E030-4D26-A63D-A9AFFB885982}.Debug|x64.Build.0 = Debug|Any CPU
		{CFDA9E45-E030-4D26-A63D-A9AFFB885982}.Debug|x86.ActiveCfg = Debug|Any CPU
		{CFDA9E45-E030-4D26-A63D-A9AFFB885982}.Debug|x86.Build.0 = Debug|Any CPU
		{CFDA9E45-E030-4D26-A63D-A9AFFB885982}.Release|Any CPU.ActiveCfg = Release|Any CPU
		{CFDA9E45-E030-4D26-A63D-A9AFFB885982}.Release|Any CPU.Build.0 = Release|Any CPU
		{CFDA9E45-E030-4D26-A63D-A9AFFB885982}.Release|x64.ActiveCfg = Release|Any CPU
		{CFDA9E45-E030-4D26-A63D-A9AFFB885982}.Release|x64.Build.0 = Release|Any CPU
		{CFDA9E45-E030-4D26-A63D-A9AFFB885982}.Release|x86.ActiveCfg = Release|Any CPU
		{CFDA9E45-E030-4D26-A63D-A9AFFB885982}.Release|x86.Build.0 = Release|Any CPU
		{39E937AE-44A6-492B-A3DA-F2876CBE2A68}.Debug|Any CPU.ActiveCfg = Debug|Any CPU
		{39E937AE-44A6-492B-A3DA-F2876CBE2A68}.Debug|Any CPU.Build.0 = Debug|Any CPU
		{39E937AE-44A6-492B-A3DA-F2876CBE2A68}.Debug|x64.ActiveCfg = Debug|Any CPU
		{39E937AE-44A6-492B-A3DA-F2876CBE2A68}.Debug|x64.Build.0 = Debug|Any CPU
		{39E937AE-44A6-492B-A3DA-F2876CBE2A68}.Debug|x86.ActiveCfg = Debug|Any CPU
		{39E937AE-44A6-492B-A3DA-F2876CBE2A68}.Debug|x86.Build.0 = Debug|Any CPU
		{39E937AE-44A6-492B-A3DA-F2876CBE2A68}.Release|Any CPU.ActiveCfg = Release|Any CPU
		{39E937AE-44A6-492B-A3DA-F2876CBE2A68}.Release|Any CPU.Build.0 = Release|Any CPU
		{39E937AE-44A6-492B-A3DA-F2876CBE2A68}.Release|x64.ActiveCfg = Release|Any CPU
		{39E937AE-44A6-492B-A3DA-F2876CBE2A68}.Release|x64.Build.0 = Release|Any CPU
		{39E937AE-44A6-492B-A3DA-F2876CBE2A68}.Release|x86.ActiveCfg = Release|Any CPU
		{39E937AE-44A6-492B-A3DA-F2876CBE2A68}.Release|x86.Build.0 = Release|Any CPU
		{D06EC759-C982-46CB-8DD1-C5614F4C04F9}.Debug|Any CPU.ActiveCfg = Debug|Any CPU
		{D06EC759-C982-46CB-8DD1-C5614F4C04F9}.Debug|Any CPU.Build.0 = Debug|Any CPU
		{D06EC759-C982-46CB-8DD1-C5614F4C04F9}.Debug|x64.ActiveCfg = Debug|Any CPU
		{D06EC759-C982-46CB-8DD1-C5614F4C04F9}.Debug|x64.Build.0 = Debug|Any CPU
		{D06EC759-C982-46CB-8DD1-C5614F4C04F9}.Debug|x86.ActiveCfg = Debug|Any CPU
		{D06EC759-C982-46CB-8DD1-C5614F4C04F9}.Debug|x86.Build.0 = Debug|Any CPU
		{D06EC759-C982-46CB-8DD1-C5614F4C04F9}.Release|Any CPU.ActiveCfg = Release|Any CPU
		{D06EC759-C982-46CB-8DD1-C5614F4C04F9}.Release|Any CPU.Build.0 = Release|Any CPU
		{D06EC759-C982-46CB-8DD1-C5614F4C04F9}.Release|x64.ActiveCfg = Release|Any CPU
		{D06EC759-C982-46CB-8DD1-C5614F4C04F9}.Release|x64.Build.0 = Release|Any CPU
		{D06EC759-C982-46CB-8DD1-C5614F4C04F9}.Release|x86.ActiveCfg = Release|Any CPU
		{D06EC759-C982-46CB-8DD1-C5614F4C04F9}.Release|x86.Build.0 = Release|Any CPU
	EndGlobalSection
	GlobalSection(SolutionProperties) = preSolution
		HideSolutionNode = FALSE
	EndGlobalSection
	GlobalSection(NestedProjects) = preSolution
		{CB96B0C5-1A32-4106-956B-CDE7F43CD7A2} = {1F25E712-9FA5-4F2D-B255-BC961FE32C14}
		{CFDA9E45-E030-4D26-A63D-A9AFFB885982} = {1F25E712-9FA5-4F2D-B255-BC961FE32C14}
		{39E937AE-44A6-492B-A3DA-F2876CBE2A68} = {1F25E712-9FA5-4F2D-B255-BC961FE32C14}
		{D06EC759-C982-46CB-8DD1-C5614F4C04F9} = {1F25E712-9FA5-4F2D-B255-BC961FE32C14}
	EndGlobalSection
	GlobalSection(ExtensibilityGlobals) = postSolution
		SolutionGuid = {73A98824-1C6F-4682-918A-19493E5480CD}
	EndGlobalSection
EndGlobal
